// !$*UTF8*$!
{
	archiveVersion = 1;
	classes = {
	};
	objectVersion = 50;
	objects = {

/* Begin PBXBuildFile section */
		18EA03B423DC4A430050F497 /* AppDelegate.swift in Sources */ = {isa = PBXBuildFile; fileRef = 18EA03B323DC4A430050F497 /* AppDelegate.swift */; };
		18EA03B623DC4A430050F497 /* SceneDelegate.swift in Sources */ = {isa = PBXBuildFile; fileRef = 18EA03B523DC4A430050F497 /* SceneDelegate.swift */; };
		18EA03B823DC4A430050F497 /* ContentView.swift in Sources */ = {isa = PBXBuildFile; fileRef = 18EA03B723DC4A430050F497 /* ContentView.swift */; };
		18EA03BA23DC4A440050F497 /* Assets.xcassets in Resources */ = {isa = PBXBuildFile; fileRef = 18EA03B923DC4A440050F497 /* Assets.xcassets */; };
		18EA03BD23DC4A440050F497 /* Preview Assets.xcassets in Resources */ = {isa = PBXBuildFile; fileRef = 18EA03BC23DC4A440050F497 /* Preview Assets.xcassets */; };
		18EA03C023DC4A440050F497 /* LaunchScreen.storyboard in Resources */ = {isa = PBXBuildFile; fileRef = 18EA03BE23DC4A440050F497 /* LaunchScreen.storyboard */; };
/* End PBXBuildFile section */

/* Begin PBXFileReference section */
		18EA03B023DC4A430050F497 /* Avacado.app */ = {isa = PBXFileReference; explicitFileType = wrapper.application; includeInIndex = 0; path = Avacado.app; sourceTree = BUILT_PRODUCTS_DIR; };
		18EA03B323DC4A430050F497 /* AppDelegate.swift */ = {isa = PBXFileReference; lastKnownFileType = sourcecode.swift; path = AppDelegate.swift; sourceTree = "<group>"; };
		18EA03B523DC4A430050F497 /* SceneDelegate.swift */ = {isa = PBXFileReference; lastKnownFileType = sourcecode.swift; path = SceneDelegate.swift; sourceTree = "<group>"; };
		18EA03B723DC4A430050F497 /* ContentView.swift */ = {isa = PBXFileReference; lastKnownFileType = sourcecode.swift; path = ContentView.swift; sourceTree = "<group>"; };
		18EA03B923DC4A440050F497 /* Assets.xcassets */ = {isa = PBXFileReference; lastKnownFileType = folder.assetcatalog; path = Assets.xcassets; sourceTree = "<group>"; };
		18EA03BC23DC4A440050F497 /* Preview Assets.xcassets */ = {isa = PBXFileReference; lastKnownFileType = folder.assetcatalog; path = "Preview Assets.xcassets"; sourceTree = "<group>"; };
		18EA03BF23DC4A440050F497 /* Base */ = {isa = PBXFileReference; lastKnownFileType = file.storyboard; name = Base; path = Base.lproj/LaunchScreen.storyboard; sourceTree = "<group>"; };
		18EA03C123DC4A440050F497 /* Info.plist */ = {isa = PBXFileReference; lastKnownFileType = text.plist.xml; path = Info.plist; sourceTree = "<group>"; };
/* End PBXFileReference section */

/* Begin PBXFrameworksBuildPhase section */
		18EA03AD23DC4A430050F497 /* Frameworks */ = {
			isa = PBXFrameworksBuildPhase;
			buildActionMask = 2147483647;
			files = (
			);
			runOnlyForDeploymentPostprocessing = 0;
		};
/* End PBXFrameworksBuildPhase section */

/* Begin PBXGroup section */
		18EA03A723DC4A430050F497 = {
			isa = PBXGroup;
			children = (
				18EA03B223DC4A430050F497 /* Avacado */,
				18EA03B123DC4A430050F497 /* Products */,
			);
			sourceTree = "<group>";
		};
		18EA03B123DC4A430050F497 /* Products */ = {
			isa = PBXGroup;
			children = (
				18EA03B023DC4A430050F497 /* Avacado.app */,
			);
			name = Products;
			sourceTree = "<group>";
		};
		18EA03B223DC4A430050F497 /* Avacado */ = {
			isa = PBXGroup;
			children = (
				18EA03B323DC4A430050F497 /* AppDelegate.swift */,
				18EA03B523DC4A430050F497 /* SceneDelegate.swift */,
				18EA03B723DC4A430050F497 /* ContentView.swift */,
				18EA03B923DC4A440050F497 /* Assets.xcassets */,
				18EA03BE23DC4A440050F497 /* LaunchScreen.storyboard */,
				18EA03C123DC4A440050F497 /* Info.plist */,
				18EA03BB23DC4A440050F497 /* Preview Content */,
			);
			path = Avacado;
			sourceTree = "<group>";
		};
		18EA03BB23DC4A440050F497 /* Preview Content */ = {
			isa = PBXGroup;
			children = (
				18EA03BC23DC4A440050F497 /* Preview Assets.xcassets */,
			);
			path = "Preview Content";
			sourceTree = "<group>";
		};
/* End PBXGroup section */

/* Begin PBXNativeTarget section */
		18EA03AF23DC4A430050F497 /* Avacado */ = {
			isa = PBXNativeTarget;
			buildConfigurationList = 18EA03C423DC4A440050F497 /* Build configuration list for PBXNativeTarget "Avacado" */;
			buildPhases = (
				18EA03AC23DC4A430050F497 /* Sources */,
				18EA03AD23DC4A430050F497 /* Frameworks */,
				18EA03AE23DC4A430050F497 /* Resources */,
			);
			buildRules = (
			);
			dependencies = (
			);
			name = Avacado;
			productName = Avacado;
			productReference = 18EA03B023DC4A430050F497 /* Avacado.app */;
			productType = "com.apple.product-type.application";
		};
/* End PBXNativeTarget section */

/* Begin PBXProject section */
		18EA03A823DC4A430050F497 /* Project object */ = {
			isa = PBXProject;
			attributes = {
				LastSwiftUpdateCheck = 1130;
				LastUpgradeCheck = 1130;
				ORGANIZATIONNAME = "Code Brew Labs";
				TargetAttributes = {
					18EA03AF23DC4A430050F497 = {
						CreatedOnToolsVersion = 11.3;
					};
				};
			};
			buildConfigurationList = 18EA03AB23DC4A430050F497 /* Build configuration list for PBXProject "Avacado" */;
			compatibilityVersion = "Xcode 9.3";
			developmentRegion = en;
			hasScannedForEncodings = 0;
			knownRegions = (
				en,
				Base,
			);
			mainGroup = 18EA03A723DC4A430050F497;
			productRefGroup = 18EA03B123DC4A430050F497 /* Products */;
			projectDirPath = "";
			projectRoot = "";
			targets = (
				18EA03AF23DC4A430050F497 /* Avacado */,
			);
		};
/* End PBXProject section */

/* Begin PBXResourcesBuildPhase section */
		18EA03AE23DC4A430050F497 /* Resources */ = {
			isa = PBXResourcesBuildPhase;
			buildActionMask = 2147483647;
			files = (
				18EA03C023DC4A440050F497 /* LaunchScreen.storyboard in Resources */,
				18EA03BD23DC4A440050F497 /* Preview Assets.xcassets in Resources */,
				18EA03BA23DC4A440050F497 /* Assets.xcassets in Resources */,
			);
			runOnlyForDeploymentPostprocessing = 0;
		};
/* End PBXResourcesBuildPhase section */

/* Begin PBXSourcesBuildPhase section */
		18EA03AC23DC4A430050F497 /* Sources */ = {
			isa = PBXSourcesBuildPhase;
			buildActionMask = 2147483647;
			files = (
				18EA03B423DC4A430050F497 /* AppDelegate.swift in Sources */,
				18EA03B623DC4A430050F497 /* SceneDelegate.swift in Sources */,
				18EA03B823DC4A430050F497 /* ContentView.swift in Sources */,
			);
			runOnlyForDeploymentPostprocessing = 0;
		};
/* End PBXSourcesBuildPhase section */

/* Begin PBXVariantGroup section */
		18EA03BE23DC4A440050F497 /* LaunchScreen.storyboard */ = {
			isa = PBXVariantGroup;
			children = (
				18EA03BF23DC4A440050F497 /* Base */,
			);
			name = LaunchScreen.storyboard;
			sourceTree = "<group>";
		};
/* End PBXVariantGroup section */

/* Begin XCBuildConfiguration section */
		18EA03C223DC4A440050F497 /* Debug */ = {
			isa = XCBuildConfiguration;
			buildSettings = {
				ALWAYS_SEARCH_USER_PATHS = NO;
				CLANG_ANALYZER_NONNULL = YES;
				CLANG_ANALYZER_NUMBER_OBJECT_CONVERSION = YES_AGGRESSIVE;
				CLANG_CXX_LANGUAGE_STANDARD = "gnu++14";
				CLANG_CXX_LIBRARY = "libc++";
				CLANG_ENABLE_MODULES = YES;
				CLANG_ENABLE_OBJC_ARC = YES;
				CLANG_ENABLE_OBJC_WEAK = YES;
				CLANG_WARN_BLOCK_CAPTURE_AUTORELEASING = YES;
				CLANG_WARN_BOOL_CONVERSION = YES;
				CLANG_WARN_COMMA = YES;
				CLANG_WARN_CONSTANT_CONVERSION = YES;
				CLANG_WARN_DEPRECATED_OBJC_IMPLEMENTATIONS = YES;
				CLANG_WARN_DIRECT_OBJC_ISA_USAGE = YES_ERROR;
				CLANG_WARN_DOCUMENTATION_COMMENTS = YES;
				CLANG_WARN_EMPTY_BODY = YES;
				CLANG_WARN_ENUM_CONVERSION = YES;
				CLANG_WARN_INFINITE_RECURSION = YES;
				CLANG_WARN_INT_CONVERSION = YES;
				CLANG_WARN_NON_LITERAL_NULL_CONVERSION = YES;
				CLANG_WARN_OBJC_IMPLICIT_RETAIN_SELF = YES;
				CLANG_WARN_OBJC_LITERAL_CONVERSION = YES;
				CLANG_WARN_OBJC_ROOT_CLASS = YES_ERROR;
				CLANG_WARN_RANGE_LOOP_ANALYSIS = YES;
				CLANG_WARN_STRICT_PROTOTYPES = YES;
				CLANG_WARN_SUSPICIOUS_MOVE = YES;
				CLANG_WARN_UNGUARDED_AVAILABILITY = YES_AGGRESSIVE;
				CLANG_WARN_UNREACHABLE_CODE = YES;
				CLANG_WARN__DUPLICATE_METHOD_MATCH = YES;
				COPY_PHASE_STRIP = NO;
				DEBUG_INFORMATION_FORMAT = dwarf;
				ENABLE_STRICT_OBJC_MSGSEND = YES;
				ENABLE_TESTABILITY = YES;
				GCC_C_LANGUAGE_STANDARD = gnu11;
				GCC_DYNAMIC_NO_PIC = NO;
				GCC_NO_COMMON_BLOCKS = YES;
				GCC_OPTIMIZATION_LEVEL = 0;
				GCC_PREPROCESSOR_DEFINITIONS = (
					"DEBUG=1",
					"$(inherited)",
				);
				GCC_WARN_64_TO_32_BIT_CONVERSION = YES;
				GCC_WARN_ABOUT_RETURN_TYPE = YES_ERROR;
				GCC_WARN_UNDECLARED_SELECTOR = YES;
				GCC_WARN_UNINITIALIZED_AUTOS = YES_AGGRESSIVE;
				GCC_WARN_UNUSED_FUNCTION = YES;
				GCC_WARN_UNUSED_VARIABLE = YES;
				IPHONEOS_DEPLOYMENT_TARGET = 13.2;
				MTL_ENABLE_DEBUG_INFO = INCLUDE_SOURCE;
				MTL_FAST_MATH = YES;
				ONLY_ACTIVE_ARCH = YES;
				SDKROOT = iphoneos;
				SWIFT_ACTIVE_COMPILATION_CONDITIONS = DEBUG;
				SWIFT_OPTIMIZATION_LEVEL = "-Onone";
			};
			name = Debug;
		};
		18EA03C323DC4A440050F497 /* Release */ = {
			isa = XCBuildConfiguration;
			buildSettings = {
				ALWAYS_SEARCH_USER_PATHS = NO;
				CLANG_ANALYZER_NONNULL = YES;
				CLANG_ANALYZER_NUMBER_OBJECT_CONVERSION = YES_AGGRESSIVE;
				CLANG_CXX_LANGUAGE_STANDARD = "gnu++14";
				CLANG_CXX_LIBRARY = "libc++";
				CLANG_ENABLE_MODULES = YES;
				CLANG_ENABLE_OBJC_ARC = YES;
				CLANG_ENABLE_OBJC_WEAK = YES;
				CLANG_WARN_BLOCK_CAPTURE_AUTORELEASING = YES;
				CLANG_WARN_BOOL_CONVERSION = YES;
				CLANG_WARN_COMMA = YES;
				CLANG_WARN_CONSTANT_CONVERSION = YES;
				CLANG_WARN_DEPRECATED_OBJC_IMPLEMENTATIONS = YES;
				CLANG_WARN_DIRECT_OBJC_ISA_USAGE = YES_ERROR;
				CLANG_WARN_DOCUMENTATION_COMMENTS = YES;
				CLANG_WARN_EMPTY_BODY = YES;
				CLANG_WARN_ENUM_CONVERSION = YES;
				CLANG_WARN_INFINITE_RECURSION = YES;
				CLANG_WARN_INT_CONVERSION = YES;
				CLANG_WARN_NON_LITERAL_NULL_CONVERSION = YES;
				CLANG_WARN_OBJC_IMPLICIT_RETAIN_SELF = YES;
				CLANG_WARN_OBJC_LITERAL_CONVERSION = YES;
				CLANG_WARN_OBJC_ROOT_CLASS = YES_ERROR;
				CLANG_WARN_RANGE_LOOP_ANALYSIS = YES;
				CLANG_WARN_STRICT_PROTOTYPES = YES;
				CLANG_WARN_SUSPICIOUS_MOVE = YES;
				CLANG_WARN_UNGUARDED_AVAILABILITY = YES_AGGRESSIVE;
				CLANG_WARN_UNREACHABLE_CODE = YES;
				CLANG_WARN__DUPLICATE_METHOD_MATCH = YES;
				COPY_PHASE_STRIP = NO;
				DEBUG_INFORMATION_FORMAT = "dwarf-with-dsym";
				ENABLE_NS_ASSERTIONS = NO;
				ENABLE_STRICT_OBJC_MSGSEND = YES;
				GCC_C_LANGUAGE_STANDARD = gnu11;
				GCC_NO_COMMON_BLOCKS = YES;
				GCC_WARN_64_TO_32_BIT_CONVERSION = YES;
				GCC_WARN_ABOUT_RETURN_TYPE = YES_ERROR;
				GCC_WARN_UNDECLARED_SELECTOR = YES;
				GCC_WARN_UNINITIALIZED_AUTOS = YES_AGGRESSIVE;
				GCC_WARN_UNUSED_FUNCTION = YES;
				GCC_WARN_UNUSED_VARIABLE = YES;
				IPHONEOS_DEPLOYMENT_TARGET = 13.2;
				MTL_ENABLE_DEBUG_INFO = NO;
				MTL_FAST_MATH = YES;
				SDKROOT = iphoneos;
				SWIFT_COMPILATION_MODE = wholemodule;
				SWIFT_OPTIMIZATION_LEVEL = "-O";
				VALIDATE_PRODUCT = YES;
			};
			name = Release;
		};
		18EA03C523DC4A440050F497 /* Debug */ = {
			isa = XCBuildConfiguration;
			buildSettings = {
				ASSETCATALOG_COMPILER_APPICON_NAME = AppIcon;
				CODE_SIGN_STYLE = Automatic;
				DEVELOPMENT_ASSET_PATHS = "\"Avacado/Preview Content\"";
				ENABLE_PREVIEWS = YES;
				INFOPLIST_FILE = Avacado/Info.plist;
				LD_RUNPATH_SEARCH_PATHS = (
					"$(inherited)",
					"@executable_path/Frameworks",
				);
				PRODUCT_BUNDLE_IDENTIFIER = com.codebrew.Avacado;
				PRODUCT_NAME = "$(TARGET_NAME)";
				SWIFT_VERSION = 5.0;
				TARGETED_DEVICE_FAMILY = "1,2";
			};
			name = Debug;
		};
		18EA03C623DC4A440050F497 /* Release */ = {
			isa = XCBuildConfiguration;
			buildSettings = {
				ASSETCATALOG_COMPILER_APPICON_NAME = AppIcon;
				CODE_SIGN_STYLE = Automatic;
				DEVELOPMENT_ASSET_PATHS = "\"Avacado/Preview Content\"";
				ENABLE_PREVIEWS = YES;
				INFOPLIST_FILE = Avacado/Info.plist;
				LD_RUNPATH_SEARCH_PATHS = (
					"$(inherited)",
					"@executable_path/Frameworks",
				);
				PRODUCT_BUNDLE_IDENTIFIER = com.codebrew.Avacado;
				PRODUCT_NAME = "$(TARGET_NAME)";
				SWIFT_VERSION = 5.0;
				TARGETED_DEVICE_FAMILY = "1,2";
			};
			name = Release;
		};
/* End XCBuildConfiguration section */

/* Begin XCConfigurationList section */
		18EA03AB23DC4A430050F497 /* Build configuration list for PBXProject "Avacado" */ = {
			isa = XCConfigurationList;
			buildConfigurations = (
				18EA03C223DC4A440050F497 /* Debug */,
				18EA03C323DC4A440050F497 /* Release */,
			);
			defaultConfigurationIsVisible = 0;
			defaultConfigurationName = Release;
		};
		18EA03C423DC4A440050F497 /* Build configuration list for PBXNativeTarget "Avacado" */ = {
			isa = XCConfigurationList;
			buildConfigurations = (
				18EA03C523DC4A440050F497 /* Debug */,
				18EA03C623DC4A440050F497 /* Release */,
			);
			defaultConfigurationIsVisible = 0;
			defaultConfigurationName = Release;
		};
/* End XCConfigurationList section */
	};
	rootObject = 18EA03A823DC4A430050F497 /* Project object */;
}
